// !$*UTF8*$!
{
	archiveVersion = 1;
	classes = {
	};
	objectVersion = 56;
	objects = {

/* Begin PBXBuildFile section */
		8B544FC32B90E4EC0082A502 /* TrendingViewController.swift in Sources */ = {isa = PBXBuildFile; fileRef = 8B544FC22B90E4EC0082A502 /* TrendingViewController.swift */; };
		8B544FC52B90E4F90082A502 /* TrendingUIView.swift in Sources */ = {isa = PBXBuildFile; fileRef = 8B544FC42B90E4F90082A502 /* TrendingUIView.swift */; };
		8B544FC72B90E5040082A502 /* SearchViewController.swift in Sources */ = {isa = PBXBuildFile; fileRef = 8B544FC62B90E5040082A502 /* SearchViewController.swift */; };
		8B544FC92B90E50E0082A502 /* SearchUIView.swift in Sources */ = {isa = PBXBuildFile; fileRef = 8B544FC82B90E50E0082A502 /* SearchUIView.swift */; };
		8B544FCB2B90E5180082A502 /* FavoriteViewController.swift in Sources */ = {isa = PBXBuildFile; fileRef = 8B544FCA2B90E5180082A502 /* FavoriteViewController.swift */; };
		8B544FCD2B90E5210082A502 /* FavoriteUIView.swift in Sources */ = {isa = PBXBuildFile; fileRef = 8B544FCC2B90E5210082A502 /* FavoriteUIView.swift */; };
		8B544FCF2B90E5310082A502 /* ChartViewController.swift in Sources */ = {isa = PBXBuildFile; fileRef = 8B544FCE2B90E5310082A502 /* ChartViewController.swift */; };
		8B544FD12B90E53F0082A502 /* ChartUIView.swift in Sources */ = {isa = PBXBuildFile; fileRef = 8B544FD02B90E53F0082A502 /* ChartUIView.swift */; };
		8B544FD42B90E5C00082A502 /* Constants.swift in Sources */ = {isa = PBXBuildFile; fileRef = 8B544FD32B90E5C00082A502 /* Constants.swift */; };
		8B544FD72B90ED6A0082A502 /* UserViewController.swift in Sources */ = {isa = PBXBuildFile; fileRef = 8B544FD62B90ED6A0082A502 /* UserViewController.swift */; };
		8BE363072B906A3C00EFC62F /* AppDelegate.swift in Sources */ = {isa = PBXBuildFile; fileRef = 8BE363062B906A3C00EFC62F /* AppDelegate.swift */; };
		8BE363092B906A3C00EFC62F /* SceneDelegate.swift in Sources */ = {isa = PBXBuildFile; fileRef = 8BE363082B906A3C00EFC62F /* SceneDelegate.swift */; };
		8BE3630B2B906A3C00EFC62F /* ViewController.swift in Sources */ = {isa = PBXBuildFile; fileRef = 8BE3630A2B906A3C00EFC62F /* ViewController.swift */; };
		8BE3630E2B906A3C00EFC62F /* Main.storyboard in Resources */ = {isa = PBXBuildFile; fileRef = 8BE3630C2B906A3C00EFC62F /* Main.storyboard */; };
		8BE363102B906A3D00EFC62F /* Assets.xcassets in Resources */ = {isa = PBXBuildFile; fileRef = 8BE3630F2B906A3D00EFC62F /* Assets.xcassets */; };
		8BE363132B906A3D00EFC62F /* LaunchScreen.storyboard in Resources */ = {isa = PBXBuildFile; fileRef = 8BE363112B906A3D00EFC62F /* LaunchScreen.storyboard */; };
/* End PBXBuildFile section */

/* Begin PBXFileReference section */
		8B544FC22B90E4EC0082A502 /* TrendingViewController.swift */ = {isa = PBXFileReference; lastKnownFileType = sourcecode.swift; path = TrendingViewController.swift; sourceTree = "<group>"; };
		8B544FC42B90E4F90082A502 /* TrendingUIView.swift */ = {isa = PBXFileReference; lastKnownFileType = sourcecode.swift; path = TrendingUIView.swift; sourceTree = "<group>"; };
		8B544FC62B90E5040082A502 /* SearchViewController.swift */ = {isa = PBXFileReference; lastKnownFileType = sourcecode.swift; path = SearchViewController.swift; sourceTree = "<group>"; };
		8B544FC82B90E50E0082A502 /* SearchUIView.swift */ = {isa = PBXFileReference; lastKnownFileType = sourcecode.swift; path = SearchUIView.swift; sourceTree = "<group>"; };
		8B544FCA2B90E5180082A502 /* FavoriteViewController.swift */ = {isa = PBXFileReference; lastKnownFileType = sourcecode.swift; path = FavoriteViewController.swift; sourceTree = "<group>"; };
		8B544FCC2B90E5210082A502 /* FavoriteUIView.swift */ = {isa = PBXFileReference; lastKnownFileType = sourcecode.swift; path = FavoriteUIView.swift; sourceTree = "<group>"; };
		8B544FCE2B90E5310082A502 /* ChartViewController.swift */ = {isa = PBXFileReference; lastKnownFileType = sourcecode.swift; path = ChartViewController.swift; sourceTree = "<group>"; };
		8B544FD02B90E53F0082A502 /* ChartUIView.swift */ = {isa = PBXFileReference; lastKnownFileType = sourcecode.swift; path = ChartUIView.swift; sourceTree = "<group>"; };
		8B544FD32B90E5C00082A502 /* Constants.swift */ = {isa = PBXFileReference; lastKnownFileType = sourcecode.swift; path = Constants.swift; sourceTree = "<group>"; };
		8B544FD62B90ED6A0082A502 /* UserViewController.swift */ = {isa = PBXFileReference; lastKnownFileType = sourcecode.swift; path = UserViewController.swift; sourceTree = "<group>"; };
		8BE363032B906A3C00EFC62F /* SeSAC_CoingeckoProject.app */ = {isa = PBXFileReference; explicitFileType = wrapper.application; includeInIndex = 0; path = SeSAC_CoingeckoProject.app; sourceTree = BUILT_PRODUCTS_DIR; };
		8BE363062B906A3C00EFC62F /* AppDelegate.swift */ = {isa = PBXFileReference; lastKnownFileType = sourcecode.swift; path = AppDelegate.swift; sourceTree = "<group>"; };
		8BE363082B906A3C00EFC62F /* SceneDelegate.swift */ = {isa = PBXFileReference; lastKnownFileType = sourcecode.swift; path = SceneDelegate.swift; sourceTree = "<group>"; };
		8BE3630A2B906A3C00EFC62F /* ViewController.swift */ = {isa = PBXFileReference; lastKnownFileType = sourcecode.swift; path = ViewController.swift; sourceTree = "<group>"; };
		8BE3630D2B906A3C00EFC62F /* Base */ = {isa = PBXFileReference; lastKnownFileType = file.storyboard; name = Base; path = Base.lproj/Main.storyboard; sourceTree = "<group>"; };
		8BE3630F2B906A3D00EFC62F /* Assets.xcassets */ = {isa = PBXFileReference; lastKnownFileType = folder.assetcatalog; path = Assets.xcassets; sourceTree = "<group>"; };
		8BE363122B906A3D00EFC62F /* Base */ = {isa = PBXFileReference; lastKnownFileType = file.storyboard; name = Base; path = Base.lproj/LaunchScreen.storyboard; sourceTree = "<group>"; };
		8BE363142B906A3D00EFC62F /* Info.plist */ = {isa = PBXFileReference; lastKnownFileType = text.plist.xml; path = Info.plist; sourceTree = "<group>"; };
/* End PBXFileReference section */

/* Begin PBXFrameworksBuildPhase section */
		8BE363002B906A3C00EFC62F /* Frameworks */ = {
			isa = PBXFrameworksBuildPhase;
			buildActionMask = 2147483647;
			files = (
			);
			runOnlyForDeploymentPostprocessing = 0;
		};
/* End PBXFrameworksBuildPhase section */

/* Begin PBXGroup section */
		8B544FBD2B90E47A0082A502 /* TrendingView */ = {
			isa = PBXGroup;
			children = (
				8B544FC22B90E4EC0082A502 /* TrendingViewController.swift */,
				8B544FC42B90E4F90082A502 /* TrendingUIView.swift */,
			);
			path = TrendingView;
			sourceTree = "<group>";
		};
		8B544FBE2B90E4800082A502 /* SearchView */ = {
			isa = PBXGroup;
			children = (
				8B544FC62B90E5040082A502 /* SearchViewController.swift */,
				8B544FC82B90E50E0082A502 /* SearchUIView.swift */,
			);
			path = SearchView;
			sourceTree = "<group>";
		};
		8B544FBF2B90E4870082A502 /* FavoriteView */ = {
			isa = PBXGroup;
			children = (
				8B544FCA2B90E5180082A502 /* FavoriteViewController.swift */,
				8B544FCC2B90E5210082A502 /* FavoriteUIView.swift */,
			);
			path = FavoriteView;
			sourceTree = "<group>";
		};
		8B544FC02B90E4900082A502 /* ChartView */ = {
			isa = PBXGroup;
			children = (
				8B544FCE2B90E5310082A502 /* ChartViewController.swift */,
				8B544FD02B90E53F0082A502 /* ChartUIView.swift */,
			);
			path = ChartView;
			sourceTree = "<group>";
		};
		8B544FC12B90E4B10082A502 /* View */ = {
			isa = PBXGroup;
			children = (
				8B544FD52B90ED5A0082A502 /* User */,
				8B544FBD2B90E47A0082A502 /* TrendingView */,
				8B544FBE2B90E4800082A502 /* SearchView */,
				8B544FBF2B90E4870082A502 /* FavoriteView */,
				8B544FC02B90E4900082A502 /* ChartView */,
			);
			path = View;
			sourceTree = "<group>";
		};
		8B544FD22B90E5B50082A502 /* Enum */ = {
			isa = PBXGroup;
			children = (
				8B544FD32B90E5C00082A502 /* Constants.swift */,
			);
			path = Enum;
			sourceTree = "<group>";
		};
		8B544FD52B90ED5A0082A502 /* User */ = {
			isa = PBXGroup;
			children = (
				8B544FD62B90ED6A0082A502 /* UserViewController.swift */,
			);
			path = User;
			sourceTree = "<group>";
		};
		8BE362FA2B906A3C00EFC62F = {
			isa = PBXGroup;
			children = (
				8BE363052B906A3C00EFC62F /* SeSAC_CoingeckoProject */,
				8BE363042B906A3C00EFC62F /* Products */,
			);
			sourceTree = "<group>";
		};
		8BE363042B906A3C00EFC62F /* Products */ = {
			isa = PBXGroup;
			children = (
				8BE363032B906A3C00EFC62F /* SeSAC_CoingeckoProject.app */,
			);
			name = Products;
			sourceTree = "<group>";
		};
		8BE363052B906A3C00EFC62F /* SeSAC_CoingeckoProject */ = {
			isa = PBXGroup;
			children = (
				8B544FD22B90E5B50082A502 /* Enum */,
				8B544FC12B90E4B10082A502 /* View */,
				8BE363062B906A3C00EFC62F /* AppDelegate.swift */,
				8BE363082B906A3C00EFC62F /* SceneDelegate.swift */,
				8BE3630A2B906A3C00EFC62F /* ViewController.swift */,
				8BE3630C2B906A3C00EFC62F /* Main.storyboard */,
				8BE3630F2B906A3D00EFC62F /* Assets.xcassets */,
				8BE363112B906A3D00EFC62F /* LaunchScreen.storyboard */,
				8BE363142B906A3D00EFC62F /* Info.plist */,
			);
			path = SeSAC_CoingeckoProject;
			sourceTree = "<group>";
		};
/* End PBXGroup section */

/* Begin PBXNativeTarget section */
		8BE363022B906A3C00EFC62F /* SeSAC_CoingeckoProject */ = {
			isa = PBXNativeTarget;
			buildConfigurationList = 8BE363172B906A3D00EFC62F /* Build configuration list for PBXNativeTarget "SeSAC_CoingeckoProject" */;
			buildPhases = (
				8BE362FF2B906A3C00EFC62F /* Sources */,
				8BE363002B906A3C00EFC62F /* Frameworks */,
				8BE363012B906A3C00EFC62F /* Resources */,
			);
			buildRules = (
			);
			dependencies = (
			);
			name = SeSAC_CoingeckoProject;
			productName = SeSAC_CoingeckoProject;
			productReference = 8BE363032B906A3C00EFC62F /* SeSAC_CoingeckoProject.app */;
			productType = "com.apple.product-type.application";
		};
/* End PBXNativeTarget section */

/* Begin PBXProject section */
		8BE362FB2B906A3C00EFC62F /* Project object */ = {
			isa = PBXProject;
			attributes = {
				BuildIndependentTargetsInParallel = 1;
				LastSwiftUpdateCheck = 1500;
				LastUpgradeCheck = 1500;
				TargetAttributes = {
					8BE363022B906A3C00EFC62F = {
						CreatedOnToolsVersion = 15.0;
					};
				};
			};
			buildConfigurationList = 8BE362FE2B906A3C00EFC62F /* Build configuration list for PBXProject "SeSAC_CoingeckoProject" */;
			compatibilityVersion = "Xcode 14.0";
			developmentRegion = en;
			hasScannedForEncodings = 0;
			knownRegions = (
				en,
				Base,
			);
			mainGroup = 8BE362FA2B906A3C00EFC62F;
			productRefGroup = 8BE363042B906A3C00EFC62F /* Products */;
			projectDirPath = "";
			projectRoot = "";
			targets = (
				8BE363022B906A3C00EFC62F /* SeSAC_CoingeckoProject */,
			);
		};
/* End PBXProject section */

/* Begin PBXResourcesBuildPhase section */
		8BE363012B906A3C00EFC62F /* Resources */ = {
			isa = PBXResourcesBuildPhase;
			buildActionMask = 2147483647;
			files = (
				8BE363132B906A3D00EFC62F /* LaunchScreen.storyboard in Resources */,
				8BE363102B906A3D00EFC62F /* Assets.xcassets in Resources */,
				8BE3630E2B906A3C00EFC62F /* Main.storyboard in Resources */,
			);
			runOnlyForDeploymentPostprocessing = 0;
		};
/* End PBXResourcesBuildPhase section */

/* Begin PBXSourcesBuildPhase section */
		8BE362FF2B906A3C00EFC62F /* Sources */ = {
			isa = PBXSourcesBuildPhase;
			buildActionMask = 2147483647;
			files = (
				8B544FC72B90E5040082A502 /* SearchViewController.swift in Sources */,
				8B544FC52B90E4F90082A502 /* TrendingUIView.swift in Sources */,
				8B544FD72B90ED6A0082A502 /* UserViewController.swift in Sources */,
				8BE3630B2B906A3C00EFC62F /* ViewController.swift in Sources */,
				8B544FD12B90E53F0082A502 /* ChartUIView.swift in Sources */,
				8B544FC32B90E4EC0082A502 /* TrendingViewController.swift in Sources */,
				8BE363072B906A3C00EFC62F /* AppDelegate.swift in Sources */,
				8BE363092B906A3C00EFC62F /* SceneDelegate.swift in Sources */,
				8B544FCB2B90E5180082A502 /* FavoriteViewController.swift in Sources */,
				8B544FC92B90E50E0082A502 /* SearchUIView.swift in Sources */,
				8B544FCD2B90E5210082A502 /* FavoriteUIView.swift in Sources */,
				8B544FCF2B90E5310082A502 /* ChartViewController.swift in Sources */,
				8B544FD42B90E5C00082A502 /* Constants.swift in Sources */,
			);
			runOnlyForDeploymentPostprocessing = 0;
		};
/* End PBXSourcesBuildPhase section */

/* Begin PBXVariantGroup section */
		8BE3630C2B906A3C00EFC62F /* Main.storyboard */ = {
			isa = PBXVariantGroup;
			children = (
				8BE3630D2B906A3C00EFC62F /* Base */,
			);
			name = Main.storyboard;
			sourceTree = "<group>";
		};
		8BE363112B906A3D00EFC62F /* LaunchScreen.storyboard */ = {
			isa = PBXVariantGroup;
			children = (
				8BE363122B906A3D00EFC62F /* Base */,
			);
			name = LaunchScreen.storyboard;
			sourceTree = "<group>";
		};
/* End PBXVariantGroup section */

/* Begin XCBuildConfiguration section */
		8BE363152B906A3D00EFC62F /* Debug */ = {
			isa = XCBuildConfiguration;
			buildSettings = {
				ALWAYS_SEARCH_USER_PATHS = NO;
				ASSETCATALOG_COMPILER_GENERATE_SWIFT_ASSET_SYMBOL_EXTENSIONS = YES;
				CLANG_ANALYZER_NONNULL = YES;
				CLANG_ANALYZER_NUMBER_OBJECT_CONVERSION = YES_AGGRESSIVE;
				CLANG_CXX_LANGUAGE_STANDARD = "gnu++20";
				CLANG_ENABLE_MODULES = YES;
				CLANG_ENABLE_OBJC_ARC = YES;
				CLANG_ENABLE_OBJC_WEAK = YES;
				CLANG_WARN_BLOCK_CAPTURE_AUTORELEASING = YES;
				CLANG_WARN_BOOL_CONVERSION = YES;
				CLANG_WARN_COMMA = YES;
				CLANG_WARN_CONSTANT_CONVERSION = YES;
				CLANG_WARN_DEPRECATED_OBJC_IMPLEMENTATIONS = YES;
				CLANG_WARN_DIRECT_OBJC_ISA_USAGE = YES_ERROR;
				CLANG_WARN_DOCUMENTATION_COMMENTS = YES;
				CLANG_WARN_EMPTY_BODY = YES;
				CLANG_WARN_ENUM_CONVERSION = YES;
				CLANG_WARN_INFINITE_RECURSION = YES;
				CLANG_WARN_INT_CONVERSION = YES;
				CLANG_WARN_NON_LITERAL_NULL_CONVERSION = YES;
				CLANG_WARN_OBJC_IMPLICIT_RETAIN_SELF = YES;
				CLANG_WARN_OBJC_LITERAL_CONVERSION = YES;
				CLANG_WARN_OBJC_ROOT_CLASS = YES_ERROR;
				CLANG_WARN_QUOTED_INCLUDE_IN_FRAMEWORK_HEADER = YES;
				CLANG_WARN_RANGE_LOOP_ANALYSIS = YES;
				CLANG_WARN_STRICT_PROTOTYPES = YES;
				CLANG_WARN_SUSPICIOUS_MOVE = YES;
				CLANG_WARN_UNGUARDED_AVAILABILITY = YES_AGGRESSIVE;
				CLANG_WARN_UNREACHABLE_CODE = YES;
				CLANG_WARN__DUPLICATE_METHOD_MATCH = YES;
				COPY_PHASE_STRIP = NO;
				DEBUG_INFORMATION_FORMAT = dwarf;
				ENABLE_STRICT_OBJC_MSGSEND = YES;
				ENABLE_TESTABILITY = YES;
				ENABLE_USER_SCRIPT_SANDBOXING = YES;
				GCC_C_LANGUAGE_STANDARD = gnu17;
				GCC_DYNAMIC_NO_PIC = NO;
				GCC_NO_COMMON_BLOCKS = YES;
				GCC_OPTIMIZATION_LEVEL = 0;
				GCC_PREPROCESSOR_DEFINITIONS = (
					"DEBUG=1",
					"$(inherited)",
				);
				GCC_WARN_64_TO_32_BIT_CONVERSION = YES;
				GCC_WARN_ABOUT_RETURN_TYPE = YES_ERROR;
				GCC_WARN_UNDECLARED_SELECTOR = YES;
				GCC_WARN_UNINITIALIZED_AUTOS = YES_AGGRESSIVE;
				GCC_WARN_UNUSED_FUNCTION = YES;
				GCC_WARN_UNUSED_VARIABLE = YES;
				IPHONEOS_DEPLOYMENT_TARGET = 17.0;
				LOCALIZATION_PREFERS_STRING_CATALOGS = YES;
				MTL_ENABLE_DEBUG_INFO = INCLUDE_SOURCE;
				MTL_FAST_MATH = YES;
				ONLY_ACTIVE_ARCH = YES;
				SDKROOT = iphoneos;
				SWIFT_ACTIVE_COMPILATION_CONDITIONS = "DEBUG $(inherited)";
				SWIFT_OPTIMIZATION_LEVEL = "-Onone";
			};
			name = Debug;
		};
		8BE363162B906A3D00EFC62F /* Release */ = {
			isa = XCBuildConfiguration;
			buildSettings = {
				ALWAYS_SEARCH_USER_PATHS = NO;
				ASSETCATALOG_COMPILER_GENERATE_SWIFT_ASSET_SYMBOL_EXTENSIONS = YES;
				CLANG_ANALYZER_NONNULL = YES;
				CLANG_ANALYZER_NUMBER_OBJECT_CONVERSION = YES_AGGRESSIVE;
				CLANG_CXX_LANGUAGE_STANDARD = "gnu++20";
				CLANG_ENABLE_MODULES = YES;
				CLANG_ENABLE_OBJC_ARC = YES;
				CLANG_ENABLE_OBJC_WEAK = YES;
				CLANG_WARN_BLOCK_CAPTURE_AUTORELEASING = YES;
				CLANG_WARN_BOOL_CONVERSION = YES;
				CLANG_WARN_COMMA = YES;
				CLANG_WARN_CONSTANT_CONVERSION = YES;
				CLANG_WARN_DEPRECATED_OBJC_IMPLEMENTATIONS = YES;
				CLANG_WARN_DIRECT_OBJC_ISA_USAGE = YES_ERROR;
				CLANG_WARN_DOCUMENTATION_COMMENTS = YES;
				CLANG_WARN_EMPTY_BODY = YES;
				CLANG_WARN_ENUM_CONVERSION = YES;
				CLANG_WARN_INFINITE_RECURSION = YES;
				CLANG_WARN_INT_CONVERSION = YES;
				CLANG_WARN_NON_LITERAL_NULL_CONVERSION = YES;
				CLANG_WARN_OBJC_IMPLICIT_RETAIN_SELF = YES;
				CLANG_WARN_OBJC_LITERAL_CONVERSION = YES;
				CLANG_WARN_OBJC_ROOT_CLASS = YES_ERROR;
				CLANG_WARN_QUOTED_INCLUDE_IN_FRAMEWORK_HEADER = YES;
				CLANG_WARN_RANGE_LOOP_ANALYSIS = YES;
				CLANG_WARN_STRICT_PROTOTYPES = YES;
				CLANG_WARN_SUSPICIOUS_MOVE = YES;
				CLANG_WARN_UNGUARDED_AVAILABILITY = YES_AGGRESSIVE;
				CLANG_WARN_UNREACHABLE_CODE = YES;
				CLANG_WARN__DUPLICATE_METHOD_MATCH = YES;
				COPY_PHASE_STRIP = NO;
				DEBUG_INFORMATION_FORMAT = "dwarf-with-dsym";
				ENABLE_NS_ASSERTIONS = NO;
				ENABLE_STRICT_OBJC_MSGSEND = YES;
				ENABLE_USER_SCRIPT_SANDBOXING = YES;
				GCC_C_LANGUAGE_STANDARD = gnu17;
				GCC_NO_COMMON_BLOCKS = YES;
				GCC_WARN_64_TO_32_BIT_CONVERSION = YES;
				GCC_WARN_ABOUT_RETURN_TYPE = YES_ERROR;
				GCC_WARN_UNDECLARED_SELECTOR = YES;
				GCC_WARN_UNINITIALIZED_AUTOS = YES_AGGRESSIVE;
				GCC_WARN_UNUSED_FUNCTION = YES;
				GCC_WARN_UNUSED_VARIABLE = YES;
				IPHONEOS_DEPLOYMENT_TARGET = 17.0;
				LOCALIZATION_PREFERS_STRING_CATALOGS = YES;
				MTL_ENABLE_DEBUG_INFO = NO;
				MTL_FAST_MATH = YES;
				SDKROOT = iphoneos;
				SWIFT_COMPILATION_MODE = wholemodule;
				VALIDATE_PRODUCT = YES;
			};
			name = Release;
		};
		8BE363182B906A3D00EFC62F /* Debug */ = {
			isa = XCBuildConfiguration;
			buildSettings = {
				ASSETCATALOG_COMPILER_APPICON_NAME = AppIcon;
				ASSETCATALOG_COMPILER_GLOBAL_ACCENT_COLOR_NAME = AccentColor;
				CODE_SIGN_STYLE = Automatic;
				CURRENT_PROJECT_VERSION = 1;
				GENERATE_INFOPLIST_FILE = YES;
				INFOPLIST_FILE = SeSAC_CoingeckoProject/Info.plist;
				INFOPLIST_KEY_UIApplicationSupportsIndirectInputEvents = YES;
				INFOPLIST_KEY_UILaunchStoryboardName = LaunchScreen;
				INFOPLIST_KEY_UIMainStoryboardFile = Main;
				INFOPLIST_KEY_UISupportedInterfaceOrientations = UIInterfaceOrientationPortrait;
				INFOPLIST_KEY_UISupportedInterfaceOrientations_iPad = "UIInterfaceOrientationLandscapeLeft UIInterfaceOrientationLandscapeRight UIInterfaceOrientationPortrait UIInterfaceOrientationPortraitUpsideDown";
				IPHONEOS_DEPLOYMENT_TARGET = 15.0;
				LD_RUNPATH_SEARCH_PATHS = (
					"$(inherited)",
					"@executable_path/Frameworks",
				);
				MARKETING_VERSION = 1.0;
				PRODUCT_BUNDLE_IDENTIFIER = "com.ohddang.SeSAC-CoingeckoProject";
				PRODUCT_NAME = "$(TARGET_NAME)";
				SUPPORTED_PLATFORMS = "iphoneos iphonesimulator";
				SUPPORTS_MACCATALYST = NO;
				SUPPORTS_MAC_DESIGNED_FOR_IPHONE_IPAD = NO;
				SWIFT_EMIT_LOC_STRINGS = YES;
				SWIFT_VERSION = 5.0;
				TARGETED_DEVICE_FAMILY = 1;
			};
			name = Debug;
		};
		8BE363192B906A3D00EFC62F /* Release */ = {
			isa = XCBuildConfiguration;
			buildSettings = {
				ASSETCATALOG_COMPILER_APPICON_NAME = AppIcon;
				ASSETCATALOG_COMPILER_GLOBAL_ACCENT_COLOR_NAME = AccentColor;
				CODE_SIGN_STYLE = Automatic;
				CURRENT_PROJECT_VERSION = 1;
				GENERATE_INFOPLIST_FILE = YES;
				INFOPLIST_FILE = SeSAC_CoingeckoProject/Info.plist;
				INFOPLIST_KEY_UIApplicationSupportsIndirectInputEvents = YES;
				INFOPLIST_KEY_UILaunchStoryboardName = LaunchScreen;
				INFOPLIST_KEY_UIMainStoryboardFile = Main;
				INFOPLIST_KEY_UISupportedInterfaceOrientations = UIInterfaceOrientationPortrait;
				INFOPLIST_KEY_UISupportedInterfaceOrientations_iPad = "UIInterfaceOrientationLandscapeLeft UIInterfaceOrientationLandscapeRight UIInterfaceOrientationPortrait UIInterfaceOrientationPortraitUpsideDown";
				IPHONEOS_DEPLOYMENT_TARGET = 15.0;
				LD_RUNPATH_SEARCH_PATHS = (
					"$(inherited)",
					"@executable_path/Frameworks",
				);
				MARKETING_VERSION = 1.0;
				PRODUCT_BUNDLE_IDENTIFIER = "com.ohddang.SeSAC-CoingeckoProject";
				PRODUCT_NAME = "$(TARGET_NAME)";
				SUPPORTED_PLATFORMS = "iphoneos iphonesimulator";
				SUPPORTS_MACCATALYST = NO;
				SUPPORTS_MAC_DESIGNED_FOR_IPHONE_IPAD = NO;
				SWIFT_EMIT_LOC_STRINGS = YES;
				SWIFT_VERSION = 5.0;
				TARGETED_DEVICE_FAMILY = 1;
			};
			name = Release;
		};
/* End XCBuildConfiguration section */

/* Begin XCConfigurationList section */
		8BE362FE2B906A3C00EFC62F /* Build configuration list for PBXProject "SeSAC_CoingeckoProject" */ = {
			isa = XCConfigurationList;
			buildConfigurations = (
				8BE363152B906A3D00EFC62F /* Debug */,
				8BE363162B906A3D00EFC62F /* Release */,
			);
			defaultConfigurationIsVisible = 0;
			defaultConfigurationName = Release;
		};
		8BE363172B906A3D00EFC62F /* Build configuration list for PBXNativeTarget "SeSAC_CoingeckoProject" */ = {
			isa = XCConfigurationList;
			buildConfigurations = (
				8BE363182B906A3D00EFC62F /* Debug */,
				8BE363192B906A3D00EFC62F /* Release */,
			);
			defaultConfigurationIsVisible = 0;
			defaultConfigurationName = Release;
		};
/* End XCConfigurationList section */
	};
	rootObject = 8BE362FB2B906A3C00EFC62F /* Project object */;
}
