// !$*UTF8*$!
{
	archiveVersion = 1;
	classes = {
	};
	objectVersion = 56;
	objects = {

/* Begin PBXBuildFile section */
		8B544FC32B90E4EC0082A502 /* TrendingViewController.swift in Sources */ = {isa = PBXBuildFile; fileRef = 8B544FC22B90E4EC0082A502 /* TrendingViewController.swift */; };
		8B544FC72B90E5040082A502 /* SearchViewController.swift in Sources */ = {isa = PBXBuildFile; fileRef = 8B544FC62B90E5040082A502 /* SearchViewController.swift */; };
		8B544FC92B90E50E0082A502 /* SearchUIView.swift in Sources */ = {isa = PBXBuildFile; fileRef = 8B544FC82B90E50E0082A502 /* SearchUIView.swift */; };
		8B544FCB2B90E5180082A502 /* FavoriteViewController.swift in Sources */ = {isa = PBXBuildFile; fileRef = 8B544FCA2B90E5180082A502 /* FavoriteViewController.swift */; };
		8B544FCF2B90E5310082A502 /* ChartViewController.swift in Sources */ = {isa = PBXBuildFile; fileRef = 8B544FCE2B90E5310082A502 /* ChartViewController.swift */; };
		8B544FD42B90E5C00082A502 /* Constants.swift in Sources */ = {isa = PBXBuildFile; fileRef = 8B544FD32B90E5C00082A502 /* Constants.swift */; };
		8B544FD72B90ED6A0082A502 /* UserViewController.swift in Sources */ = {isa = PBXBuildFile; fileRef = 8B544FD62B90ED6A0082A502 /* UserViewController.swift */; };
		8B544FDA2B917A1D0082A502 /* BaseViewController.swift in Sources */ = {isa = PBXBuildFile; fileRef = 8B544FD92B917A1D0082A502 /* BaseViewController.swift */; };
		8B544FDC2B917A270082A502 /* BaseView.swift in Sources */ = {isa = PBXBuildFile; fileRef = 8B544FDB2B917A270082A502 /* BaseView.swift */; };
		8B544FDF2B917BF60082A502 /* SnapKit in Frameworks */ = {isa = PBXBuildFile; productRef = 8B544FDE2B917BF60082A502 /* SnapKit */; };
		8B544FE22B917C1B0082A502 /* Realm in Frameworks */ = {isa = PBXBuildFile; productRef = 8B544FE12B917C1B0082A502 /* Realm */; };
		8B544FE42B917C1B0082A502 /* RealmSwift in Frameworks */ = {isa = PBXBuildFile; productRef = 8B544FE32B917C1B0082A502 /* RealmSwift */; };
		8B544FE72B917C240082A502 /* Alamofire in Frameworks */ = {isa = PBXBuildFile; productRef = 8B544FE62B917C240082A502 /* Alamofire */; };
		8B544FEA2B917C6A0082A502 /* DGCharts in Frameworks */ = {isa = PBXBuildFile; productRef = 8B544FE92B917C6A0082A502 /* DGCharts */; };
		8B544FEC2B917C6A0082A502 /* DGChartsDynamic in Frameworks */ = {isa = PBXBuildFile; productRef = 8B544FEB2B917C6A0082A502 /* DGChartsDynamic */; };
		8B544FEF2B919BBD0082A502 /* SearchTableViewCell.swift in Sources */ = {isa = PBXBuildFile; fileRef = 8B544FEE2B919BBD0082A502 /* SearchTableViewCell.swift */; };
		8B544FF12B919CCF0082A502 /* CointView.swift in Sources */ = {isa = PBXBuildFile; fileRef = 8B544FF02B919CCF0082A502 /* CointView.swift */; };
		8B544FF52B91A5590082A502 /* UIView+Extension.swift in Sources */ = {isa = PBXBuildFile; fileRef = 8B544FF42B91A5590082A502 /* UIView+Extension.swift */; };
		8B544FF82B91C1680082A502 /* CoinAPIManager.swift in Sources */ = {isa = PBXBuildFile; fileRef = 8B544FF72B91C1680082A502 /* CoinAPIManager.swift */; };
		8B544FFA2B91C2480082A502 /* SearchViewModel.swift in Sources */ = {isa = PBXBuildFile; fileRef = 8B544FF92B91C2480082A502 /* SearchViewModel.swift */; };
		8B544FFC2B91C2DE0082A502 /* Observable.swift in Sources */ = {isa = PBXBuildFile; fileRef = 8B544FFB2B91C2DE0082A502 /* Observable.swift */; };
		8B544FFE2B91C6BD0082A502 /* Coingecko.swift in Sources */ = {isa = PBXBuildFile; fileRef = 8B544FFD2B91C6BD0082A502 /* Coingecko.swift */; };
		8B5450012B91D7F90082A502 /* CoinAPI_Request.swift in Sources */ = {isa = PBXBuildFile; fileRef = 8B5450002B91D7F90082A502 /* CoinAPI_Request.swift */; };
		8B5450042B91E4840082A502 /* Kingfisher in Frameworks */ = {isa = PBXBuildFile; productRef = 8B5450032B91E4840082A502 /* Kingfisher */; };
		8B5450072B91E77D0082A502 /* BigTitleLabel.swift in Sources */ = {isa = PBXBuildFile; fileRef = 8B5450062B91E77D0082A502 /* BigTitleLabel.swift */; };
		8B5450092B91E9E60082A502 /* ChartView.swift in Sources */ = {isa = PBXBuildFile; fileRef = 8B5450082B91E9E60082A502 /* ChartView.swift */; };
		8B54500B2B91EDBD0082A502 /* DeclarationCollectionViewCell.swift in Sources */ = {isa = PBXBuildFile; fileRef = 8B54500A2B91EDBD0082A502 /* DeclarationCollectionViewCell.swift */; };
		8B54500D2B922F5F0082A502 /* DeclarationEnum.swift in Sources */ = {isa = PBXBuildFile; fileRef = 8B54500C2B922F5F0082A502 /* DeclarationEnum.swift */; };
		8B54500F2B923BEE0082A502 /* ChartViewModel.swift in Sources */ = {isa = PBXBuildFile; fileRef = 8B54500E2B923BEE0082A502 /* ChartViewModel.swift */; };
		8B5450112B923E870082A502 /* CoinDetail.swift in Sources */ = {isa = PBXBuildFile; fileRef = 8B5450102B923E870082A502 /* CoinDetail.swift */; };
		8B5450142B9240280082A502 /* Toast in Frameworks */ = {isa = PBXBuildFile; productRef = 8B5450132B9240280082A502 /* Toast */; };
		8B5450182B9371670082A502 /* FavoriteView.swift in Sources */ = {isa = PBXBuildFile; fileRef = 8B5450172B9371670082A502 /* FavoriteView.swift */; };
		8B54501A2B9372590082A502 /* FavoriteCollectionViewCell.swift in Sources */ = {isa = PBXBuildFile; fileRef = 8B5450192B9372590082A502 /* FavoriteCollectionViewCell.swift */; };
		8B54501D2B939ED10082A502 /* CoinFavorite.swift in Sources */ = {isa = PBXBuildFile; fileRef = 8B54501C2B939ED10082A502 /* CoinFavorite.swift */; };
		8B54501F2B93A0670082A502 /* RealmRepository.swift in Sources */ = {isa = PBXBuildFile; fileRef = 8B54501E2B93A0670082A502 /* RealmRepository.swift */; };
		8B5450212B93A1FF0082A502 /* FavoriteViewModel.swift in Sources */ = {isa = PBXBuildFile; fileRef = 8B5450202B93A1FF0082A502 /* FavoriteViewModel.swift */; };
		8B5450232B94CBC60082A502 /* TrendingView.swift in Sources */ = {isa = PBXBuildFile; fileRef = 8B5450222B94CBC60082A502 /* TrendingView.swift */; };
		8B5450252B94CBD20082A502 /* TrendingViewModel.swift in Sources */ = {isa = PBXBuildFile; fileRef = 8B5450242B94CBD20082A502 /* TrendingViewModel.swift */; };
		8B5450272B94D0340082A502 /* TrendingFavTableViewCell.swift in Sources */ = {isa = PBXBuildFile; fileRef = 8B5450262B94D0340082A502 /* TrendingFavTableViewCell.swift */; };
		8B5450292B94D03F0082A502 /* TrendingCoinTableViewCell.swift in Sources */ = {isa = PBXBuildFile; fileRef = 8B5450282B94D03F0082A502 /* TrendingCoinTableViewCell.swift */; };
		8B54502B2B94D0470082A502 /* TrendingNFTTableViewCell.swift in Sources */ = {isa = PBXBuildFile; fileRef = 8B54502A2B94D0470082A502 /* TrendingNFTTableViewCell.swift */; };
		8B5450302B94E0EC0082A502 /* TrendingFavCollectionViewCell.swift in Sources */ = {isa = PBXBuildFile; fileRef = 8B54502F2B94E0EC0082A502 /* TrendingFavCollectionViewCell.swift */; };
		8B5450322B94E0F90082A502 /* TrendingCoinCollectionViewCell.swift in Sources */ = {isa = PBXBuildFile; fileRef = 8B5450312B94E0F90082A502 /* TrendingCoinCollectionViewCell.swift */; };
		8B5450342B94E1010082A502 /* TrendingNFTCollectionViewCell.swift in Sources */ = {isa = PBXBuildFile; fileRef = 8B5450332B94E1010082A502 /* TrendingNFTCollectionViewCell.swift */; };
		8B5E4A272B95092500315480 /* CoinNFTTrending.swift in Sources */ = {isa = PBXBuildFile; fileRef = 8B5E4A262B95092500315480 /* CoinNFTTrending.swift */; };
		8B5E4A2D2B951E2C00315480 /* NumberFormatManager.swift in Sources */ = {isa = PBXBuildFile; fileRef = 8B5E4A2C2B951E2C00315480 /* NumberFormatManager.swift */; };
		8BE363072B906A3C00EFC62F /* AppDelegate.swift in Sources */ = {isa = PBXBuildFile; fileRef = 8BE363062B906A3C00EFC62F /* AppDelegate.swift */; };
		8BE363092B906A3C00EFC62F /* SceneDelegate.swift in Sources */ = {isa = PBXBuildFile; fileRef = 8BE363082B906A3C00EFC62F /* SceneDelegate.swift */; };
		8BE3630B2B906A3C00EFC62F /* ViewController.swift in Sources */ = {isa = PBXBuildFile; fileRef = 8BE3630A2B906A3C00EFC62F /* ViewController.swift */; };
		8BE3630E2B906A3C00EFC62F /* Main.storyboard in Resources */ = {isa = PBXBuildFile; fileRef = 8BE3630C2B906A3C00EFC62F /* Main.storyboard */; };
		8BE363102B906A3D00EFC62F /* Assets.xcassets in Resources */ = {isa = PBXBuildFile; fileRef = 8BE3630F2B906A3D00EFC62F /* Assets.xcassets */; };
		8BE363132B906A3D00EFC62F /* LaunchScreen.storyboard in Resources */ = {isa = PBXBuildFile; fileRef = 8BE363112B906A3D00EFC62F /* LaunchScreen.storyboard */; };
/* End PBXBuildFile section */

/* Begin PBXFileReference section */
		8B544FC22B90E4EC0082A502 /* TrendingViewController.swift */ = {isa = PBXFileReference; lastKnownFileType = sourcecode.swift; path = TrendingViewController.swift; sourceTree = "<group>"; };
		8B544FC62B90E5040082A502 /* SearchViewController.swift */ = {isa = PBXFileReference; lastKnownFileType = sourcecode.swift; path = SearchViewController.swift; sourceTree = "<group>"; };
		8B544FC82B90E50E0082A502 /* SearchUIView.swift */ = {isa = PBXFileReference; lastKnownFileType = sourcecode.swift; path = SearchUIView.swift; sourceTree = "<group>"; };
		8B544FCA2B90E5180082A502 /* FavoriteViewController.swift */ = {isa = PBXFileReference; lastKnownFileType = sourcecode.swift; path = FavoriteViewController.swift; sourceTree = "<group>"; };
		8B544FCE2B90E5310082A502 /* ChartViewController.swift */ = {isa = PBXFileReference; lastKnownFileType = sourcecode.swift; path = ChartViewController.swift; sourceTree = "<group>"; };
		8B544FD32B90E5C00082A502 /* Constants.swift */ = {isa = PBXFileReference; lastKnownFileType = sourcecode.swift; path = Constants.swift; sourceTree = "<group>"; };
		8B544FD62B90ED6A0082A502 /* UserViewController.swift */ = {isa = PBXFileReference; lastKnownFileType = sourcecode.swift; path = UserViewController.swift; sourceTree = "<group>"; };
		8B544FD92B917A1D0082A502 /* BaseViewController.swift */ = {isa = PBXFileReference; lastKnownFileType = sourcecode.swift; path = BaseViewController.swift; sourceTree = "<group>"; };
		8B544FDB2B917A270082A502 /* BaseView.swift */ = {isa = PBXFileReference; lastKnownFileType = sourcecode.swift; path = BaseView.swift; sourceTree = "<group>"; };
		8B544FEE2B919BBD0082A502 /* SearchTableViewCell.swift */ = {isa = PBXFileReference; lastKnownFileType = sourcecode.swift; path = SearchTableViewCell.swift; sourceTree = "<group>"; };
		8B544FF02B919CCF0082A502 /* CointView.swift */ = {isa = PBXFileReference; lastKnownFileType = sourcecode.swift; path = CointView.swift; sourceTree = "<group>"; };
		8B544FF42B91A5590082A502 /* UIView+Extension.swift */ = {isa = PBXFileReference; lastKnownFileType = sourcecode.swift; path = "UIView+Extension.swift"; sourceTree = "<group>"; };
		8B544FF72B91C1680082A502 /* CoinAPIManager.swift */ = {isa = PBXFileReference; lastKnownFileType = sourcecode.swift; path = CoinAPIManager.swift; sourceTree = "<group>"; };
		8B544FF92B91C2480082A502 /* SearchViewModel.swift */ = {isa = PBXFileReference; lastKnownFileType = sourcecode.swift; path = SearchViewModel.swift; sourceTree = "<group>"; };
		8B544FFB2B91C2DE0082A502 /* Observable.swift */ = {isa = PBXFileReference; lastKnownFileType = sourcecode.swift; path = Observable.swift; sourceTree = "<group>"; };
		8B544FFD2B91C6BD0082A502 /* Coingecko.swift */ = {isa = PBXFileReference; lastKnownFileType = sourcecode.swift; path = Coingecko.swift; sourceTree = "<group>"; };
		8B5450002B91D7F90082A502 /* CoinAPI_Request.swift */ = {isa = PBXFileReference; lastKnownFileType = sourcecode.swift; path = CoinAPI_Request.swift; sourceTree = "<group>"; };
		8B5450062B91E77D0082A502 /* BigTitleLabel.swift */ = {isa = PBXFileReference; lastKnownFileType = sourcecode.swift; path = BigTitleLabel.swift; sourceTree = "<group>"; };
		8B5450082B91E9E60082A502 /* ChartView.swift */ = {isa = PBXFileReference; lastKnownFileType = sourcecode.swift; path = ChartView.swift; sourceTree = "<group>"; };
		8B54500A2B91EDBD0082A502 /* DeclarationCollectionViewCell.swift */ = {isa = PBXFileReference; lastKnownFileType = sourcecode.swift; path = DeclarationCollectionViewCell.swift; sourceTree = "<group>"; };
		8B54500C2B922F5F0082A502 /* DeclarationEnum.swift */ = {isa = PBXFileReference; lastKnownFileType = sourcecode.swift; path = DeclarationEnum.swift; sourceTree = "<group>"; };
		8B54500E2B923BEE0082A502 /* ChartViewModel.swift */ = {isa = PBXFileReference; lastKnownFileType = sourcecode.swift; path = ChartViewModel.swift; sourceTree = "<group>"; };
		8B5450102B923E870082A502 /* CoinDetail.swift */ = {isa = PBXFileReference; lastKnownFileType = sourcecode.swift; path = CoinDetail.swift; sourceTree = "<group>"; };
		8B5450172B9371670082A502 /* FavoriteView.swift */ = {isa = PBXFileReference; lastKnownFileType = sourcecode.swift; path = FavoriteView.swift; sourceTree = "<group>"; };
		8B5450192B9372590082A502 /* FavoriteCollectionViewCell.swift */ = {isa = PBXFileReference; lastKnownFileType = sourcecode.swift; path = FavoriteCollectionViewCell.swift; sourceTree = "<group>"; };
		8B54501C2B939ED10082A502 /* CoinFavorite.swift */ = {isa = PBXFileReference; lastKnownFileType = sourcecode.swift; path = CoinFavorite.swift; sourceTree = "<group>"; };
		8B54501E2B93A0670082A502 /* RealmRepository.swift */ = {isa = PBXFileReference; lastKnownFileType = sourcecode.swift; path = RealmRepository.swift; sourceTree = "<group>"; };
		8B5450202B93A1FF0082A502 /* FavoriteViewModel.swift */ = {isa = PBXFileReference; lastKnownFileType = sourcecode.swift; path = FavoriteViewModel.swift; sourceTree = "<group>"; };
		8B5450222B94CBC60082A502 /* TrendingView.swift */ = {isa = PBXFileReference; lastKnownFileType = sourcecode.swift; path = TrendingView.swift; sourceTree = "<group>"; };
		8B5450242B94CBD20082A502 /* TrendingViewModel.swift */ = {isa = PBXFileReference; lastKnownFileType = sourcecode.swift; path = TrendingViewModel.swift; sourceTree = "<group>"; };
		8B5450262B94D0340082A502 /* TrendingFavTableViewCell.swift */ = {isa = PBXFileReference; lastKnownFileType = sourcecode.swift; path = TrendingFavTableViewCell.swift; sourceTree = "<group>"; };
		8B5450282B94D03F0082A502 /* TrendingCoinTableViewCell.swift */ = {isa = PBXFileReference; lastKnownFileType = sourcecode.swift; path = TrendingCoinTableViewCell.swift; sourceTree = "<group>"; };
		8B54502A2B94D0470082A502 /* TrendingNFTTableViewCell.swift */ = {isa = PBXFileReference; lastKnownFileType = sourcecode.swift; path = TrendingNFTTableViewCell.swift; sourceTree = "<group>"; };
		8B54502F2B94E0EC0082A502 /* TrendingFavCollectionViewCell.swift */ = {isa = PBXFileReference; lastKnownFileType = sourcecode.swift; path = TrendingFavCollectionViewCell.swift; sourceTree = "<group>"; };
		8B5450312B94E0F90082A502 /* TrendingCoinCollectionViewCell.swift */ = {isa = PBXFileReference; lastKnownFileType = sourcecode.swift; path = TrendingCoinCollectionViewCell.swift; sourceTree = "<group>"; };
		8B5450332B94E1010082A502 /* TrendingNFTCollectionViewCell.swift */ = {isa = PBXFileReference; lastKnownFileType = sourcecode.swift; path = TrendingNFTCollectionViewCell.swift; sourceTree = "<group>"; };
		8B5E4A262B95092500315480 /* CoinNFTTrending.swift */ = {isa = PBXFileReference; lastKnownFileType = sourcecode.swift; path = CoinNFTTrending.swift; sourceTree = "<group>"; };
		8B5E4A2C2B951E2C00315480 /* NumberFormatManager.swift */ = {isa = PBXFileReference; lastKnownFileType = sourcecode.swift; path = NumberFormatManager.swift; sourceTree = "<group>"; };
		8BE363032B906A3C00EFC62F /* SeSAC_CoingeckoProject.app */ = {isa = PBXFileReference; explicitFileType = wrapper.application; includeInIndex = 0; path = SeSAC_CoingeckoProject.app; sourceTree = BUILT_PRODUCTS_DIR; };
		8BE363062B906A3C00EFC62F /* AppDelegate.swift */ = {isa = PBXFileReference; lastKnownFileType = sourcecode.swift; path = AppDelegate.swift; sourceTree = "<group>"; };
		8BE363082B906A3C00EFC62F /* SceneDelegate.swift */ = {isa = PBXFileReference; lastKnownFileType = sourcecode.swift; path = SceneDelegate.swift; sourceTree = "<group>"; };
		8BE3630A2B906A3C00EFC62F /* ViewController.swift */ = {isa = PBXFileReference; lastKnownFileType = sourcecode.swift; path = ViewController.swift; sourceTree = "<group>"; };
		8BE3630D2B906A3C00EFC62F /* Base */ = {isa = PBXFileReference; lastKnownFileType = file.storyboard; name = Base; path = Base.lproj/Main.storyboard; sourceTree = "<group>"; };
		8BE3630F2B906A3D00EFC62F /* Assets.xcassets */ = {isa = PBXFileReference; lastKnownFileType = folder.assetcatalog; path = Assets.xcassets; sourceTree = "<group>"; };
		8BE363122B906A3D00EFC62F /* Base */ = {isa = PBXFileReference; lastKnownFileType = file.storyboard; name = Base; path = Base.lproj/LaunchScreen.storyboard; sourceTree = "<group>"; };
		8BE363142B906A3D00EFC62F /* Info.plist */ = {isa = PBXFileReference; lastKnownFileType = text.plist.xml; path = Info.plist; sourceTree = "<group>"; };
/* End PBXFileReference section */

/* Begin PBXFrameworksBuildPhase section */
		8BE363002B906A3C00EFC62F /* Frameworks */ = {
			isa = PBXFrameworksBuildPhase;
			buildActionMask = 2147483647;
			files = (
				8B5450142B9240280082A502 /* Toast in Frameworks */,
				8B544FE42B917C1B0082A502 /* RealmSwift in Frameworks */,
				8B544FE72B917C240082A502 /* Alamofire in Frameworks */,
				8B5450042B91E4840082A502 /* Kingfisher in Frameworks */,
				8B544FEA2B917C6A0082A502 /* DGCharts in Frameworks */,
				8B544FE22B917C1B0082A502 /* Realm in Frameworks */,
				8B544FEC2B917C6A0082A502 /* DGChartsDynamic in Frameworks */,
				8B544FDF2B917BF60082A502 /* SnapKit in Frameworks */,
			);
			runOnlyForDeploymentPostprocessing = 0;
		};
/* End PBXFrameworksBuildPhase section */

/* Begin PBXGroup section */
		8B544FBD2B90E47A0082A502 /* TrendingView */ = {
			isa = PBXGroup;
			children = (
				8B544FC22B90E4EC0082A502 /* TrendingViewController.swift */,
				8B5450222B94CBC60082A502 /* TrendingView.swift */,
				8B5450242B94CBD20082A502 /* TrendingViewModel.swift */,
				8B54502C2B94E0A30082A502 /* TrendingFav */,
				8B54502D2B94E0A80082A502 /* TrendingCoin */,
				8B54502E2B94E0AE0082A502 /* TrendingNFT */,
			);
			path = TrendingView;
			sourceTree = "<group>";
		};
		8B544FBE2B90E4800082A502 /* SearchView */ = {
			isa = PBXGroup;
			children = (
				8B544FC62B90E5040082A502 /* SearchViewController.swift */,
				8B544FC82B90E50E0082A502 /* SearchUIView.swift */,
				8B544FF92B91C2480082A502 /* SearchViewModel.swift */,
				8B544FEE2B919BBD0082A502 /* SearchTableViewCell.swift */,
			);
			path = SearchView;
			sourceTree = "<group>";
		};
		8B544FBF2B90E4870082A502 /* FavoriteView */ = {
			isa = PBXGroup;
			children = (
				8B544FCA2B90E5180082A502 /* FavoriteViewController.swift */,
				8B5450172B9371670082A502 /* FavoriteView.swift */,
				8B5450202B93A1FF0082A502 /* FavoriteViewModel.swift */,
				8B5450192B9372590082A502 /* FavoriteCollectionViewCell.swift */,
			);
			path = FavoriteView;
			sourceTree = "<group>";
		};
		8B544FC02B90E4900082A502 /* ChartView */ = {
			isa = PBXGroup;
			children = (
				8B544FCE2B90E5310082A502 /* ChartViewController.swift */,
				8B54500E2B923BEE0082A502 /* ChartViewModel.swift */,
				8B5450082B91E9E60082A502 /* ChartView.swift */,
				8B54500A2B91EDBD0082A502 /* DeclarationCollectionViewCell.swift */,
			);
			path = ChartView;
			sourceTree = "<group>";
		};
		8B544FC12B90E4B10082A502 /* View */ = {
			isa = PBXGroup;
			children = (
				8B544FD52B90ED5A0082A502 /* User */,
				8B544FBD2B90E47A0082A502 /* TrendingView */,
				8B544FBE2B90E4800082A502 /* SearchView */,
				8B544FBF2B90E4870082A502 /* FavoriteView */,
				8B544FC02B90E4900082A502 /* ChartView */,
				8B544FF62B91C15C0082A502 /* API */,
			);
			path = View;
			sourceTree = "<group>";
		};
		8B544FD22B90E5B50082A502 /* Enum */ = {
			isa = PBXGroup;
			children = (
				8B544FD32B90E5C00082A502 /* Constants.swift */,
				8B54500C2B922F5F0082A502 /* DeclarationEnum.swift */,
			);
			path = Enum;
			sourceTree = "<group>";
		};
		8B544FD52B90ED5A0082A502 /* User */ = {
			isa = PBXGroup;
			children = (
				8B544FD62B90ED6A0082A502 /* UserViewController.swift */,
			);
			path = User;
			sourceTree = "<group>";
		};
		8B544FD82B917A160082A502 /* Base */ = {
			isa = PBXGroup;
			children = (
				8B544FD92B917A1D0082A502 /* BaseViewController.swift */,
				8B544FDB2B917A270082A502 /* BaseView.swift */,
			);
			path = Base;
			sourceTree = "<group>";
		};
		8B544FED2B919B330082A502 /* Custom */ = {
			isa = PBXGroup;
			children = (
				8B544FF02B919CCF0082A502 /* CointView.swift */,
				8B5450062B91E77D0082A502 /* BigTitleLabel.swift */,
			);
			path = Custom;
			sourceTree = "<group>";
		};
		8B544FF32B91A5400082A502 /* Extension */ = {
			isa = PBXGroup;
			children = (
				8B544FF42B91A5590082A502 /* UIView+Extension.swift */,
			);
			path = Extension;
			sourceTree = "<group>";
		};
		8B544FF62B91C15C0082A502 /* API */ = {
			isa = PBXGroup;
			children = (
				8B544FFF2B91C6C50082A502 /* Model */,
				8B544FF72B91C1680082A502 /* CoinAPIManager.swift */,
				8B5450002B91D7F90082A502 /* CoinAPI_Request.swift */,
			);
			path = API;
			sourceTree = "<group>";
		};
		8B544FFF2B91C6C50082A502 /* Model */ = {
			isa = PBXGroup;
			children = (
				8B544FFD2B91C6BD0082A502 /* Coingecko.swift */,
				8B5450102B923E870082A502 /* CoinDetail.swift */,
				8B5E4A262B95092500315480 /* CoinNFTTrending.swift */,
			);
			path = Model;
			sourceTree = "<group>";
		};
		8B54501B2B939EBE0082A502 /* Realm */ = {
			isa = PBXGroup;
			children = (
				8B54501C2B939ED10082A502 /* CoinFavorite.swift */,
				8B54501E2B93A0670082A502 /* RealmRepository.swift */,
			);
			path = Realm;
			sourceTree = "<group>";
		};
		8B54502C2B94E0A30082A502 /* TrendingFav */ = {
			isa = PBXGroup;
			children = (
				8B5450262B94D0340082A502 /* TrendingFavTableViewCell.swift */,
				8B54502F2B94E0EC0082A502 /* TrendingFavCollectionViewCell.swift */,
			);
			path = TrendingFav;
			sourceTree = "<group>";
		};
		8B54502D2B94E0A80082A502 /* TrendingCoin */ = {
			isa = PBXGroup;
			children = (
				8B5450282B94D03F0082A502 /* TrendingCoinTableViewCell.swift */,
				8B5450312B94E0F90082A502 /* TrendingCoinCollectionViewCell.swift */,
			);
			path = TrendingCoin;
			sourceTree = "<group>";
		};
		8B54502E2B94E0AE0082A502 /* TrendingNFT */ = {
			isa = PBXGroup;
			children = (
				8B54502A2B94D0470082A502 /* TrendingNFTTableViewCell.swift */,
				8B5450332B94E1010082A502 /* TrendingNFTCollectionViewCell.swift */,
			);
			path = TrendingNFT;
			sourceTree = "<group>";
		};
		8BE362FA2B906A3C00EFC62F = {
			isa = PBXGroup;
			children = (
				8BE363052B906A3C00EFC62F /* SeSAC_CoingeckoProject */,
				8BE363042B906A3C00EFC62F /* Products */,
			);
			sourceTree = "<group>";
		};
		8BE363042B906A3C00EFC62F /* Products */ = {
			isa = PBXGroup;
			children = (
				8BE363032B906A3C00EFC62F /* SeSAC_CoingeckoProject.app */,
			);
			name = Products;
			sourceTree = "<group>";
		};
		8BE363052B906A3C00EFC62F /* SeSAC_CoingeckoProject */ = {
			isa = PBXGroup;
			children = (
				8B54501B2B939EBE0082A502 /* Realm */,
				8B544FF32B91A5400082A502 /* Extension */,
				8B544FED2B919B330082A502 /* Custom */,
				8B544FD22B90E5B50082A502 /* Enum */,
				8B544FD82B917A160082A502 /* Base */,
				8B544FC12B90E4B10082A502 /* View */,
				8BE363062B906A3C00EFC62F /* AppDelegate.swift */,
				8BE363082B906A3C00EFC62F /* SceneDelegate.swift */,
				8BE3630A2B906A3C00EFC62F /* ViewController.swift */,
				8BE3630C2B906A3C00EFC62F /* Main.storyboard */,
				8BE3630F2B906A3D00EFC62F /* Assets.xcassets */,
				8BE363112B906A3D00EFC62F /* LaunchScreen.storyboard */,
				8BE363142B906A3D00EFC62F /* Info.plist */,
				8B544FFB2B91C2DE0082A502 /* Observable.swift */,
				8B5E4A2C2B951E2C00315480 /* NumberFormatManager.swift */,
			);
			path = SeSAC_CoingeckoProject;
			sourceTree = "<group>";
		};
/* End PBXGroup section */

/* Begin PBXNativeTarget section */
		8BE363022B906A3C00EFC62F /* SeSAC_CoingeckoProject */ = {
			isa = PBXNativeTarget;
			buildConfigurationList = 8BE363172B906A3D00EFC62F /* Build configuration list for PBXNativeTarget "SeSAC_CoingeckoProject" */;
			buildPhases = (
				8BE362FF2B906A3C00EFC62F /* Sources */,
				8BE363002B906A3C00EFC62F /* Frameworks */,
				8BE363012B906A3C00EFC62F /* Resources */,
			);
			buildRules = (
			);
			dependencies = (
			);
			name = SeSAC_CoingeckoProject;
			packageProductDependencies = (
				8B544FDE2B917BF60082A502 /* SnapKit */,
				8B544FE12B917C1B0082A502 /* Realm */,
				8B544FE32B917C1B0082A502 /* RealmSwift */,
				8B544FE62B917C240082A502 /* Alamofire */,
				8B544FE92B917C6A0082A502 /* DGCharts */,
				8B544FEB2B917C6A0082A502 /* DGChartsDynamic */,
				8B5450032B91E4840082A502 /* Kingfisher */,
				8B5450132B9240280082A502 /* Toast */,
			);
			productName = SeSAC_CoingeckoProject;
			productReference = 8BE363032B906A3C00EFC62F /* SeSAC_CoingeckoProject.app */;
			productType = "com.apple.product-type.application";
		};
/* End PBXNativeTarget section */

/* Begin PBXProject section */
		8BE362FB2B906A3C00EFC62F /* Project object */ = {
			isa = PBXProject;
			attributes = {
				BuildIndependentTargetsInParallel = 1;
				LastSwiftUpdateCheck = 1500;
				LastUpgradeCheck = 1500;
				TargetAttributes = {
					8BE363022B906A3C00EFC62F = {
						CreatedOnToolsVersion = 15.0;
					};
				};
			};
			buildConfigurationList = 8BE362FE2B906A3C00EFC62F /* Build configuration list for PBXProject "SeSAC_CoingeckoProject" */;
			compatibilityVersion = "Xcode 14.0";
			developmentRegion = en;
			hasScannedForEncodings = 0;
			knownRegions = (
				en,
				Base,
			);
			mainGroup = 8BE362FA2B906A3C00EFC62F;
			packageReferences = (
				8B544FDD2B917BF60082A502 /* XCRemoteSwiftPackageReference "SnapKit" */,
				8B544FE02B917C1B0082A502 /* XCRemoteSwiftPackageReference "realm-swift" */,
				8B544FE52B917C240082A502 /* XCRemoteSwiftPackageReference "Alamofire" */,
				8B544FE82B917C6A0082A502 /* XCRemoteSwiftPackageReference "Charts" */,
				8B5450022B91E4840082A502 /* XCRemoteSwiftPackageReference "Kingfisher" */,
				8B5450122B9240280082A502 /* XCRemoteSwiftPackageReference "Toast-Swift" */,
			);
			productRefGroup = 8BE363042B906A3C00EFC62F /* Products */;
			projectDirPath = "";
			projectRoot = "";
			targets = (
				8BE363022B906A3C00EFC62F /* SeSAC_CoingeckoProject */,
			);
		};
/* End PBXProject section */

/* Begin PBXResourcesBuildPhase section */
		8BE363012B906A3C00EFC62F /* Resources */ = {
			isa = PBXResourcesBuildPhase;
			buildActionMask = 2147483647;
			files = (
				8BE363132B906A3D00EFC62F /* LaunchScreen.storyboard in Resources */,
				8BE363102B906A3D00EFC62F /* Assets.xcassets in Resources */,
				8BE3630E2B906A3C00EFC62F /* Main.storyboard in Resources */,
			);
			runOnlyForDeploymentPostprocessing = 0;
		};
/* End PBXResourcesBuildPhase section */

/* Begin PBXSourcesBuildPhase section */
		8BE362FF2B906A3C00EFC62F /* Sources */ = {
			isa = PBXSourcesBuildPhase;
			buildActionMask = 2147483647;
			files = (
				8B544FC72B90E5040082A502 /* SearchViewController.swift in Sources */,
				8B5E4A272B95092500315480 /* CoinNFTTrending.swift in Sources */,
				8B54500B2B91EDBD0082A502 /* DeclarationCollectionViewCell.swift in Sources */,
				8B544FF12B919CCF0082A502 /* CointView.swift in Sources */,
				8B5450232B94CBC60082A502 /* TrendingView.swift in Sources */,
				8B544FD72B90ED6A0082A502 /* UserViewController.swift in Sources */,
				8B54501A2B9372590082A502 /* FavoriteCollectionViewCell.swift in Sources */,
				8B54501F2B93A0670082A502 /* RealmRepository.swift in Sources */,
				8B5450212B93A1FF0082A502 /* FavoriteViewModel.swift in Sources */,
				8BE3630B2B906A3C00EFC62F /* ViewController.swift in Sources */,
				8B544FFC2B91C2DE0082A502 /* Observable.swift in Sources */,
				8B5450252B94CBD20082A502 /* TrendingViewModel.swift in Sources */,
				8B54501D2B939ED10082A502 /* CoinFavorite.swift in Sources */,
				8B5450292B94D03F0082A502 /* TrendingCoinTableViewCell.swift in Sources */,
				8B544FDC2B917A270082A502 /* BaseView.swift in Sources */,
				8B5E4A2D2B951E2C00315480 /* NumberFormatManager.swift in Sources */,
				8B5450012B91D7F90082A502 /* CoinAPI_Request.swift in Sources */,
				8B5450092B91E9E60082A502 /* ChartView.swift in Sources */,
				8B544FDA2B917A1D0082A502 /* BaseViewController.swift in Sources */,
				8B5450272B94D0340082A502 /* TrendingFavTableViewCell.swift in Sources */,
				8B544FC32B90E4EC0082A502 /* TrendingViewController.swift in Sources */,
				8B54500D2B922F5F0082A502 /* DeclarationEnum.swift in Sources */,
				8BE363072B906A3C00EFC62F /* AppDelegate.swift in Sources */,
				8B5450302B94E0EC0082A502 /* TrendingFavCollectionViewCell.swift in Sources */,
				8BE363092B906A3C00EFC62F /* SceneDelegate.swift in Sources */,
				8B544FCB2B90E5180082A502 /* FavoriteViewController.swift in Sources */,
				8B54502B2B94D0470082A502 /* TrendingNFTTableViewCell.swift in Sources */,
				8B5450342B94E1010082A502 /* TrendingNFTCollectionViewCell.swift in Sources */,
				8B544FF52B91A5590082A502 /* UIView+Extension.swift in Sources */,
				8B5450182B9371670082A502 /* FavoriteView.swift in Sources */,
				8B544FC92B90E50E0082A502 /* SearchUIView.swift in Sources */,
				8B5450112B923E870082A502 /* CoinDetail.swift in Sources */,
				8B544FEF2B919BBD0082A502 /* SearchTableViewCell.swift in Sources */,
				8B544FF82B91C1680082A502 /* CoinAPIManager.swift in Sources */,
				8B544FFA2B91C2480082A502 /* SearchViewModel.swift in Sources */,
				8B54500F2B923BEE0082A502 /* ChartViewModel.swift in Sources */,
				8B544FFE2B91C6BD0082A502 /* Coingecko.swift in Sources */,
				8B544FCF2B90E5310082A502 /* ChartViewController.swift in Sources */,
				8B544FD42B90E5C00082A502 /* Constants.swift in Sources */,
				8B5450322B94E0F90082A502 /* TrendingCoinCollectionViewCell.swift in Sources */,
				8B5450072B91E77D0082A502 /* BigTitleLabel.swift in Sources */,
			);
			runOnlyForDeploymentPostprocessing = 0;
		};
/* End PBXSourcesBuildPhase section */

/* Begin PBXVariantGroup section */
		8BE3630C2B906A3C00EFC62F /* Main.storyboard */ = {
			isa = PBXVariantGroup;
			children = (
				8BE3630D2B906A3C00EFC62F /* Base */,
			);
			name = Main.storyboard;
			sourceTree = "<group>";
		};
		8BE363112B906A3D00EFC62F /* LaunchScreen.storyboard */ = {
			isa = PBXVariantGroup;
			children = (
				8BE363122B906A3D00EFC62F /* Base */,
			);
			name = LaunchScreen.storyboard;
			sourceTree = "<group>";
		};
/* End PBXVariantGroup section */

/* Begin XCBuildConfiguration section */
		8BE363152B906A3D00EFC62F /* Debug */ = {
			isa = XCBuildConfiguration;
			buildSettings = {
				ALWAYS_SEARCH_USER_PATHS = NO;
				ASSETCATALOG_COMPILER_GENERATE_SWIFT_ASSET_SYMBOL_EXTENSIONS = YES;
				CLANG_ANALYZER_NONNULL = YES;
				CLANG_ANALYZER_NUMBER_OBJECT_CONVERSION = YES_AGGRESSIVE;
				CLANG_CXX_LANGUAGE_STANDARD = "gnu++20";
				CLANG_ENABLE_MODULES = YES;
				CLANG_ENABLE_OBJC_ARC = YES;
				CLANG_ENABLE_OBJC_WEAK = YES;
				CLANG_WARN_BLOCK_CAPTURE_AUTORELEASING = YES;
				CLANG_WARN_BOOL_CONVERSION = YES;
				CLANG_WARN_COMMA = YES;
				CLANG_WARN_CONSTANT_CONVERSION = YES;
				CLANG_WARN_DEPRECATED_OBJC_IMPLEMENTATIONS = YES;
				CLANG_WARN_DIRECT_OBJC_ISA_USAGE = YES_ERROR;
				CLANG_WARN_DOCUMENTATION_COMMENTS = YES;
				CLANG_WARN_EMPTY_BODY = YES;
				CLANG_WARN_ENUM_CONVERSION = YES;
				CLANG_WARN_INFINITE_RECURSION = YES;
				CLANG_WARN_INT_CONVERSION = YES;
				CLANG_WARN_NON_LITERAL_NULL_CONVERSION = YES;
				CLANG_WARN_OBJC_IMPLICIT_RETAIN_SELF = YES;
				CLANG_WARN_OBJC_LITERAL_CONVERSION = YES;
				CLANG_WARN_OBJC_ROOT_CLASS = YES_ERROR;
				CLANG_WARN_QUOTED_INCLUDE_IN_FRAMEWORK_HEADER = YES;
				CLANG_WARN_RANGE_LOOP_ANALYSIS = YES;
				CLANG_WARN_STRICT_PROTOTYPES = YES;
				CLANG_WARN_SUSPICIOUS_MOVE = YES;
				CLANG_WARN_UNGUARDED_AVAILABILITY = YES_AGGRESSIVE;
				CLANG_WARN_UNREACHABLE_CODE = YES;
				CLANG_WARN__DUPLICATE_METHOD_MATCH = YES;
				COPY_PHASE_STRIP = NO;
				DEBUG_INFORMATION_FORMAT = dwarf;
				ENABLE_STRICT_OBJC_MSGSEND = YES;
				ENABLE_TESTABILITY = YES;
				ENABLE_USER_SCRIPT_SANDBOXING = YES;
				GCC_C_LANGUAGE_STANDARD = gnu17;
				GCC_DYNAMIC_NO_PIC = NO;
				GCC_NO_COMMON_BLOCKS = YES;
				GCC_OPTIMIZATION_LEVEL = 0;
				GCC_PREPROCESSOR_DEFINITIONS = (
					"DEBUG=1",
					"$(inherited)",
				);
				GCC_WARN_64_TO_32_BIT_CONVERSION = YES;
				GCC_WARN_ABOUT_RETURN_TYPE = YES_ERROR;
				GCC_WARN_UNDECLARED_SELECTOR = YES;
				GCC_WARN_UNINITIALIZED_AUTOS = YES_AGGRESSIVE;
				GCC_WARN_UNUSED_FUNCTION = YES;
				GCC_WARN_UNUSED_VARIABLE = YES;
				IPHONEOS_DEPLOYMENT_TARGET = 17.0;
				LOCALIZATION_PREFERS_STRING_CATALOGS = YES;
				MTL_ENABLE_DEBUG_INFO = INCLUDE_SOURCE;
				MTL_FAST_MATH = YES;
				ONLY_ACTIVE_ARCH = YES;
				SDKROOT = iphoneos;
				SWIFT_ACTIVE_COMPILATION_CONDITIONS = "DEBUG $(inherited)";
				SWIFT_OPTIMIZATION_LEVEL = "-Onone";
			};
			name = Debug;
		};
		8BE363162B906A3D00EFC62F /* Release */ = {
			isa = XCBuildConfiguration;
			buildSettings = {
				ALWAYS_SEARCH_USER_PATHS = NO;
				ASSETCATALOG_COMPILER_GENERATE_SWIFT_ASSET_SYMBOL_EXTENSIONS = YES;
				CLANG_ANALYZER_NONNULL = YES;
				CLANG_ANALYZER_NUMBER_OBJECT_CONVERSION = YES_AGGRESSIVE;
				CLANG_CXX_LANGUAGE_STANDARD = "gnu++20";
				CLANG_ENABLE_MODULES = YES;
				CLANG_ENABLE_OBJC_ARC = YES;
				CLANG_ENABLE_OBJC_WEAK = YES;
				CLANG_WARN_BLOCK_CAPTURE_AUTORELEASING = YES;
				CLANG_WARN_BOOL_CONVERSION = YES;
				CLANG_WARN_COMMA = YES;
				CLANG_WARN_CONSTANT_CONVERSION = YES;
				CLANG_WARN_DEPRECATED_OBJC_IMPLEMENTATIONS = YES;
				CLANG_WARN_DIRECT_OBJC_ISA_USAGE = YES_ERROR;
				CLANG_WARN_DOCUMENTATION_COMMENTS = YES;
				CLANG_WARN_EMPTY_BODY = YES;
				CLANG_WARN_ENUM_CONVERSION = YES;
				CLANG_WARN_INFINITE_RECURSION = YES;
				CLANG_WARN_INT_CONVERSION = YES;
				CLANG_WARN_NON_LITERAL_NULL_CONVERSION = YES;
				CLANG_WARN_OBJC_IMPLICIT_RETAIN_SELF = YES;
				CLANG_WARN_OBJC_LITERAL_CONVERSION = YES;
				CLANG_WARN_OBJC_ROOT_CLASS = YES_ERROR;
				CLANG_WARN_QUOTED_INCLUDE_IN_FRAMEWORK_HEADER = YES;
				CLANG_WARN_RANGE_LOOP_ANALYSIS = YES;
				CLANG_WARN_STRICT_PROTOTYPES = YES;
				CLANG_WARN_SUSPICIOUS_MOVE = YES;
				CLANG_WARN_UNGUARDED_AVAILABILITY = YES_AGGRESSIVE;
				CLANG_WARN_UNREACHABLE_CODE = YES;
				CLANG_WARN__DUPLICATE_METHOD_MATCH = YES;
				COPY_PHASE_STRIP = NO;
				DEBUG_INFORMATION_FORMAT = "dwarf-with-dsym";
				ENABLE_NS_ASSERTIONS = NO;
				ENABLE_STRICT_OBJC_MSGSEND = YES;
				ENABLE_USER_SCRIPT_SANDBOXING = YES;
				GCC_C_LANGUAGE_STANDARD = gnu17;
				GCC_NO_COMMON_BLOCKS = YES;
				GCC_WARN_64_TO_32_BIT_CONVERSION = YES;
				GCC_WARN_ABOUT_RETURN_TYPE = YES_ERROR;
				GCC_WARN_UNDECLARED_SELECTOR = YES;
				GCC_WARN_UNINITIALIZED_AUTOS = YES_AGGRESSIVE;
				GCC_WARN_UNUSED_FUNCTION = YES;
				GCC_WARN_UNUSED_VARIABLE = YES;
				IPHONEOS_DEPLOYMENT_TARGET = 17.0;
				LOCALIZATION_PREFERS_STRING_CATALOGS = YES;
				MTL_ENABLE_DEBUG_INFO = NO;
				MTL_FAST_MATH = YES;
				SDKROOT = iphoneos;
				SWIFT_COMPILATION_MODE = wholemodule;
				VALIDATE_PRODUCT = YES;
			};
			name = Release;
		};
		8BE363182B906A3D00EFC62F /* Debug */ = {
			isa = XCBuildConfiguration;
			buildSettings = {
				ASSETCATALOG_COMPILER_APPICON_NAME = AppIcon;
				ASSETCATALOG_COMPILER_GLOBAL_ACCENT_COLOR_NAME = AccentColor;
				CODE_SIGN_STYLE = Automatic;
				CURRENT_PROJECT_VERSION = 1;
				GENERATE_INFOPLIST_FILE = YES;
				INFOPLIST_FILE = SeSAC_CoingeckoProject/Info.plist;
				INFOPLIST_KEY_UIApplicationSupportsIndirectInputEvents = YES;
				INFOPLIST_KEY_UILaunchStoryboardName = LaunchScreen;
				INFOPLIST_KEY_UIMainStoryboardFile = Main;
				INFOPLIST_KEY_UISupportedInterfaceOrientations = UIInterfaceOrientationPortrait;
				INFOPLIST_KEY_UISupportedInterfaceOrientations_iPad = "UIInterfaceOrientationLandscapeLeft UIInterfaceOrientationLandscapeRight UIInterfaceOrientationPortrait UIInterfaceOrientationPortraitUpsideDown";
				IPHONEOS_DEPLOYMENT_TARGET = 15.0;
				LD_RUNPATH_SEARCH_PATHS = (
					"$(inherited)",
					"@executable_path/Frameworks",
				);
				MARKETING_VERSION = 1.0;
				PRODUCT_BUNDLE_IDENTIFIER = "com.ohddang.SeSAC-CoingeckoProject";
				PRODUCT_NAME = "$(TARGET_NAME)";
				SUPPORTED_PLATFORMS = "iphoneos iphonesimulator";
				SUPPORTS_MACCATALYST = NO;
				SUPPORTS_MAC_DESIGNED_FOR_IPHONE_IPAD = NO;
				SWIFT_EMIT_LOC_STRINGS = YES;
				SWIFT_VERSION = 5.0;
				TARGETED_DEVICE_FAMILY = 1;
			};
			name = Debug;
		};
		8BE363192B906A3D00EFC62F /* Release */ = {
			isa = XCBuildConfiguration;
			buildSettings = {
				ASSETCATALOG_COMPILER_APPICON_NAME = AppIcon;
				ASSETCATALOG_COMPILER_GLOBAL_ACCENT_COLOR_NAME = AccentColor;
				CODE_SIGN_STYLE = Automatic;
				CURRENT_PROJECT_VERSION = 1;
				GENERATE_INFOPLIST_FILE = YES;
				INFOPLIST_FILE = SeSAC_CoingeckoProject/Info.plist;
				INFOPLIST_KEY_UIApplicationSupportsIndirectInputEvents = YES;
				INFOPLIST_KEY_UILaunchStoryboardName = LaunchScreen;
				INFOPLIST_KEY_UIMainStoryboardFile = Main;
				INFOPLIST_KEY_UISupportedInterfaceOrientations = UIInterfaceOrientationPortrait;
				INFOPLIST_KEY_UISupportedInterfaceOrientations_iPad = "UIInterfaceOrientationLandscapeLeft UIInterfaceOrientationLandscapeRight UIInterfaceOrientationPortrait UIInterfaceOrientationPortraitUpsideDown";
				IPHONEOS_DEPLOYMENT_TARGET = 15.0;
				LD_RUNPATH_SEARCH_PATHS = (
					"$(inherited)",
					"@executable_path/Frameworks",
				);
				MARKETING_VERSION = 1.0;
				PRODUCT_BUNDLE_IDENTIFIER = "com.ohddang.SeSAC-CoingeckoProject";
				PRODUCT_NAME = "$(TARGET_NAME)";
				SUPPORTED_PLATFORMS = "iphoneos iphonesimulator";
				SUPPORTS_MACCATALYST = NO;
				SUPPORTS_MAC_DESIGNED_FOR_IPHONE_IPAD = NO;
				SWIFT_EMIT_LOC_STRINGS = YES;
				SWIFT_VERSION = 5.0;
				TARGETED_DEVICE_FAMILY = 1;
			};
			name = Release;
		};
/* End XCBuildConfiguration section */

/* Begin XCConfigurationList section */
		8BE362FE2B906A3C00EFC62F /* Build configuration list for PBXProject "SeSAC_CoingeckoProject" */ = {
			isa = XCConfigurationList;
			buildConfigurations = (
				8BE363152B906A3D00EFC62F /* Debug */,
				8BE363162B906A3D00EFC62F /* Release */,
			);
			defaultConfigurationIsVisible = 0;
			defaultConfigurationName = Release;
		};
		8BE363172B906A3D00EFC62F /* Build configuration list for PBXNativeTarget "SeSAC_CoingeckoProject" */ = {
			isa = XCConfigurationList;
			buildConfigurations = (
				8BE363182B906A3D00EFC62F /* Debug */,
				8BE363192B906A3D00EFC62F /* Release */,
			);
			defaultConfigurationIsVisible = 0;
			defaultConfigurationName = Release;
		};
/* End XCConfigurationList section */

/* Begin XCRemoteSwiftPackageReference section */
		8B544FDD2B917BF60082A502 /* XCRemoteSwiftPackageReference "SnapKit" */ = {
			isa = XCRemoteSwiftPackageReference;
			repositoryURL = "https://github.com/SnapKit/SnapKit";
			requirement = {
				kind = upToNextMajorVersion;
				minimumVersion = 5.7.1;
			};
		};
		8B544FE02B917C1B0082A502 /* XCRemoteSwiftPackageReference "realm-swift" */ = {
			isa = XCRemoteSwiftPackageReference;
			repositoryURL = "https://github.com/realm/realm-swift";
			requirement = {
				kind = exactVersion;
				version = 10.47.0;
			};
		};
		8B544FE52B917C240082A502 /* XCRemoteSwiftPackageReference "Alamofire" */ = {
			isa = XCRemoteSwiftPackageReference;
			repositoryURL = "https://github.com/Alamofire/Alamofire";
			requirement = {
				kind = upToNextMajorVersion;
				minimumVersion = 5.8.1;
			};
		};
		8B544FE82B917C6A0082A502 /* XCRemoteSwiftPackageReference "Charts" */ = {
			isa = XCRemoteSwiftPackageReference;
			repositoryURL = "https://github.com/danielgindi/Charts";
			requirement = {
				kind = upToNextMajorVersion;
				minimumVersion = 5.1.0;
			};
		};
		8B5450022B91E4840082A502 /* XCRemoteSwiftPackageReference "Kingfisher" */ = {
			isa = XCRemoteSwiftPackageReference;
			repositoryURL = "https://github.com/onevcat/Kingfisher";
			requirement = {
				kind = upToNextMajorVersion;
				minimumVersion = 7.11.0;
			};
		};
		8B5450122B9240280082A502 /* XCRemoteSwiftPackageReference "Toast-Swift" */ = {
			isa = XCRemoteSwiftPackageReference;
			repositoryURL = "https://github.com/scalessec/Toast-Swift";
			requirement = {
				kind = upToNextMajorVersion;
				minimumVersion = 5.1.0;
			};
		};
/* End XCRemoteSwiftPackageReference section */

/* Begin XCSwiftPackageProductDependency section */
		8B544FDE2B917BF60082A502 /* SnapKit */ = {
			isa = XCSwiftPackageProductDependency;
			package = 8B544FDD2B917BF60082A502 /* XCRemoteSwiftPackageReference "SnapKit" */;
			productName = SnapKit;
		};
		8B544FE12B917C1B0082A502 /* Realm */ = {
			isa = XCSwiftPackageProductDependency;
			package = 8B544FE02B917C1B0082A502 /* XCRemoteSwiftPackageReference "realm-swift" */;
			productName = Realm;
		};
		8B544FE32B917C1B0082A502 /* RealmSwift */ = {
			isa = XCSwiftPackageProductDependency;
			package = 8B544FE02B917C1B0082A502 /* XCRemoteSwiftPackageReference "realm-swift" */;
			productName = RealmSwift;
		};
		8B544FE62B917C240082A502 /* Alamofire */ = {
			isa = XCSwiftPackageProductDependency;
			package = 8B544FE52B917C240082A502 /* XCRemoteSwiftPackageReference "Alamofire" */;
			productName = Alamofire;
		};
		8B544FE92B917C6A0082A502 /* DGCharts */ = {
			isa = XCSwiftPackageProductDependency;
			package = 8B544FE82B917C6A0082A502 /* XCRemoteSwiftPackageReference "Charts" */;
			productName = DGCharts;
		};
		8B544FEB2B917C6A0082A502 /* DGChartsDynamic */ = {
			isa = XCSwiftPackageProductDependency;
			package = 8B544FE82B917C6A0082A502 /* XCRemoteSwiftPackageReference "Charts" */;
			productName = DGChartsDynamic;
		};
		8B5450032B91E4840082A502 /* Kingfisher */ = {
			isa = XCSwiftPackageProductDependency;
			package = 8B5450022B91E4840082A502 /* XCRemoteSwiftPackageReference "Kingfisher" */;
			productName = Kingfisher;
		};
		8B5450132B9240280082A502 /* Toast */ = {
			isa = XCSwiftPackageProductDependency;
			package = 8B5450122B9240280082A502 /* XCRemoteSwiftPackageReference "Toast-Swift" */;
			productName = Toast;
		};
/* End XCSwiftPackageProductDependency section */
	};
	rootObject = 8BE362FB2B906A3C00EFC62F /* Project object */;
}
